
Microsoft Visual Studio Solution File, Format Version 12.00
# Visual Studio 2012
Project("{2150E333-8FDC-42A3-9474-1A3956D46DE8}") = ".paket", ".paket", "{CB8F0FAA-DE21-4175-B5FD-5454A4994AA6}"
	ProjectSection(SolutionItems) = preProject
		..\..\paket.dependencies = ..\..\paket.dependencies
	EndProjectSection
EndProject
Project("{FAE04EC0-301F-11D3-BF4B-00C04F79EFBC}") = "TestApp", "TestApp\TestApp.csproj", "{24216A63-A1B9-48BC-A007-50B8EE961D3F}"
EndProject
Project("{FAE04EC0-301F-11D3-BF4B-00C04F79EFBC}") = "ModuleByPartial", "ModuleByPartial\ModuleByPartial.csproj", "{F683E865-4B77-4D6C-929D-5B92C7634008}"
EndProject
Project("{FAE04EC0-301F-11D3-BF4B-00C04F79EFBC}") = "ModuleBetween", "ModuleBetween\ModuleBetween.csproj", "{49CE7E64-9FD7-4B68-BC03-ACCCD4C2F62B}"
EndProject
Project("{FAE04EC0-301F-11D3-BF4B-00C04F79EFBC}") = "ModuleByFull", "ModuleByFull\ModuleByFull.csproj", "{18ED1582-CE3C-468F-B627-37B6938BE72D}"
EndProject
Project("{FAE04EC0-301F-11D3-BF4B-00C04F79EFBC}") = "ModuleByReference", "ModuleByReference\ModuleByReference.csproj", "{D1650CA8-6694-46F3-AB60-F3E1F47520D2}"
EndProject
Project("{FAE04EC0-301F-11D3-BF4B-00C04F79EFBC}") = "ModuleArchitecture", "ModuleArchitecture\ModuleArchitecture.csproj", "{5ADCDA04-88DC-42EB-B047-8B83182A91AD}"
EndProject
Project("{FAE04EC0-301F-11D3-BF4B-00C04F79EFBC}") = "ModuleLZ4", "ModuleLZ4\ModuleLZ4.csproj", "{58607761-8BD3-427C-B30D-70D5C47794BF}"
EndProject
Global
	GlobalSection(SolutionConfigurationPlatforms) = preSolution
		Debug|x64 = Debug|x64
		Debug|x86 = Debug|x86
		Release|x64 = Release|x64
		Release|x86 = Release|x86
	EndGlobalSection
	GlobalSection(ProjectConfigurationPlatforms) = postSolution
		{24216A63-A1B9-48BC-A007-50B8EE961D3F}.Debug|x64.ActiveCfg = Debug|x64
		{24216A63-A1B9-48BC-A007-50B8EE961D3F}.Debug|x64.Build.0 = Debug|x64
		{24216A63-A1B9-48BC-A007-50B8EE961D3F}.Debug|x86.ActiveCfg = Debug|x86
		{24216A63-A1B9-48BC-A007-50B8EE961D3F}.Debug|x86.Build.0 = Debug|x86
		{24216A63-A1B9-48BC-A007-50B8EE961D3F}.Release|x64.ActiveCfg = Release|x64
		{24216A63-A1B9-48BC-A007-50B8EE961D3F}.Release|x64.Build.0 = Release|x64
		{24216A63-A1B9-48BC-A007-50B8EE961D3F}.Release|x86.ActiveCfg = Release|x86
		{24216A63-A1B9-48BC-A007-50B8EE961D3F}.Release|x86.Build.0 = Release|x86
		{F683E865-4B77-4D6C-929D-5B92C7634008}.Debug|x64.ActiveCfg = Debug|Any CPU
		{F683E865-4B77-4D6C-929D-5B92C7634008}.Debug|x64.Build.0 = Debug|Any CPU
		{F683E865-4B77-4D6C-929D-5B92C7634008}.Debug|x86.ActiveCfg = Debug|Any CPU
		{F683E865-4B77-4D6C-929D-5B92C7634008}.Debug|x86.Build.0 = Debug|Any CPU
		{F683E865-4B77-4D6C-929D-5B92C7634008}.Release|x64.ActiveCfg = Release|Any CPU
		{F683E865-4B77-4D6C-929D-5B92C7634008}.Release|x64.Build.0 = Release|Any CPU
		{F683E865-4B77-4D6C-929D-5B92C7634008}.Release|x86.ActiveCfg = Release|Any CPU
		{F683E865-4B77-4D6C-929D-5B92C7634008}.Release|x86.Build.0 = Release|Any CPU
		{49CE7E64-9FD7-4B68-BC03-ACCCD4C2F62B}.Debug|x64.ActiveCfg = Debug|Any CPU
		{49CE7E64-9FD7-4B68-BC03-ACCCD4C2F62B}.Debug|x64.Build.0 = Debug|Any CPU
		{49CE7E64-9FD7-4B68-BC03-ACCCD4C2F62B}.Debug|x86.ActiveCfg = Debug|Any CPU
		{49CE7E64-9FD7-4B68-BC03-ACCCD4C2F62B}.Debug|x86.Build.0 = Debug|Any CPU
		{49CE7E64-9FD7-4B68-BC03-ACCCD4C2F62B}.Release|x64.ActiveCfg = Release|Any CPU
		{49CE7E64-9FD7-4B68-BC03-ACCCD4C2F62B}.Release|x64.Build.0 = Release|Any CPU
		{49CE7E64-9FD7-4B68-BC03-ACCCD4C2F62B}.Release|x86.ActiveCfg = Release|Any CPU
		{49CE7E64-9FD7-4B68-BC03-ACCCD4C2F62B}.Release|x86.Build.0 = Release|Any CPU
		{18ED1582-CE3C-468F-B627-37B6938BE72D}.Debug|x64.ActiveCfg = Debug|Any CPU
		{18ED1582-CE3C-468F-B627-37B6938BE72D}.Debug|x64.Build.0 = Debug|Any CPU
		{18ED1582-CE3C-468F-B627-37B6938BE72D}.Debug|x86.ActiveCfg = Debug|Any CPU
		{18ED1582-CE3C-468F-B627-37B6938BE72D}.Debug|x86.Build.0 = Debug|Any CPU
		{18ED1582-CE3C-468F-B627-37B6938BE72D}.Release|x64.ActiveCfg = Release|Any CPU
		{18ED1582-CE3C-468F-B627-37B6938BE72D}.Release|x64.Build.0 = Release|Any CPU
		{18ED1582-CE3C-468F-B627-37B6938BE72D}.Release|x86.ActiveCfg = Release|Any CPU
		{18ED1582-CE3C-468F-B627-37B6938BE72D}.Release|x86.Build.0 = Release|Any CPU
		{D1650CA8-6694-46F3-AB60-F3E1F47520D2}.Debug|x64.ActiveCfg = Debug|Any CPU
		{D1650CA8-6694-46F3-AB60-F3E1F47520D2}.Debug|x64.Build.0 = Debug|Any CPU
		{D1650CA8-6694-46F3-AB60-F3E1F47520D2}.Debug|x86.ActiveCfg = Debug|Any CPU
		{D1650CA8-6694-46F3-AB60-F3E1F47520D2}.Debug|x86.Build.0 = Debug|Any CPU
		{D1650CA8-6694-46F3-AB60-F3E1F47520D2}.Release|x64.ActiveCfg = Release|Any CPU
		{D1650CA8-6694-46F3-AB60-F3E1F47520D2}.Release|x64.Build.0 = Release|Any CPU
		{D1650CA8-6694-46F3-AB60-F3E1F47520D2}.Release|x86.ActiveCfg = Release|Any CPU
		{D1650CA8-6694-46F3-AB60-F3E1F47520D2}.Release|x86.Build.0 = Release|Any CPU
		{5ADCDA04-88DC-42EB-B047-8B83182A91AD}.Debug|x64.ActiveCfg = Debug|x64
		{5ADCDA04-88DC-42EB-B047-8B83182A91AD}.Debug|x64.Build.0 = Debug|x64
		{5ADCDA04-88DC-42EB-B047-8B83182A91AD}.Debug|x86.ActiveCfg = Debug|x86
		{5ADCDA04-88DC-42EB-B047-8B83182A91AD}.Debug|x86.Build.0 = Debug|x86
		{5ADCDA04-88DC-42EB-B047-8B83182A91AD}.Release|x64.ActiveCfg = Release|x64
		{5ADCDA04-88DC-42EB-B047-8B83182A91AD}.Release|x64.Build.0 = Release|x64
		{5ADCDA04-88DC-42EB-B047-8B83182A91AD}.Release|x86.ActiveCfg = Release|x86
		{5ADCDA04-88DC-42EB-B047-8B83182A91AD}.Release|x86.Build.0 = Release|x86
		{58607761-8BD3-427C-B30D-70D5C47794BF}.Debug|x64.ActiveCfg = Debug|Any CPU
		{58607761-8BD3-427C-B30D-70D5C47794BF}.Debug|x64.Build.0 = Debug|Any CPU
		{58607761-8BD3-427C-B30D-70D5C47794BF}.Debug|x86.ActiveCfg = Debug|Any CPU
		{58607761-8BD3-427C-B30D-70D5C47794BF}.Debug|x86.Build.0 = Debug|Any CPU
		{58607761-8BD3-427C-B30D-70D5C47794BF}.Release|x64.ActiveCfg = Release|Any CPU
		{58607761-8BD3-427C-B30D-70D5C47794BF}.Release|x64.Build.0 = Release|Any CPU
		{58607761-8BD3-427C-B30D-70D5C47794BF}.Release|x86.ActiveCfg = Release|Any CPU
		{58607761-8BD3-427C-B30D-70D5C47794BF}.Release|x86.Build.0 = Release|Any CPU
	EndGlobalSection
	GlobalSection(SolutionProperties) = preSolution
		HideSolutionNode = FALSE
	EndGlobalSection
EndGlobal
