
Microsoft Visual Studio Solution File, Format Version 12.00
# Visual Studio 2013
VisualStudioVersion = 12.0.30110.0
MinimumVisualStudioVersion = 10.0.40219.1
Project("{2150E333-8FDC-42A3-9474-1A3956D46DE8}") = "Solution Items", "Solution Items", "{617E7125-F13A-43BF-89A5-62D89FE4C8F9}"
EndProject
Project("{FAE04EC0-301F-11D3-BF4B-00C04F79EFBC}") = "LibZ.Bootstrap.40", "LibZ.Bootstrap.40\LibZ.Bootstrap.40.csproj", "{66762F06-D368-4A1D-91AD-D5B0300CB879}"
EndProject
Project("{FAE04EC0-301F-11D3-BF4B-00C04F79EFBC}") = "LibZ.Manager", "LibZ.Manager\LibZ.Manager.csproj", "{9526E061-2E22-421B-86A6-198B51960918}"
EndProject
Project("{FAE04EC0-301F-11D3-BF4B-00C04F79EFBC}") = "LibZ.Tool", "LibZ.Tool\LibZ.Tool.csproj", "{75F00D3F-6247-48BD-99C7-915646DD8566}"
EndProject
Project("{FAE04EC0-301F-11D3-BF4B-00C04F79EFBC}") = "libz", "libz\libz.csproj", "{9F01B7BC-CCC0-47A2-9C30-FCF4EF61F0FA}"
EndProject
Project("{FAE04EC0-301F-11D3-BF4B-00C04F79EFBC}") = "LibZ.Tool.Interfaces", "LibZ.Tool.Interfaces\LibZ.Tool.Interfaces.csproj", "{46CEC914-26B0-4027-BA64-78154174274E}"
EndProject
Project("{FAE04EC0-301F-11D3-BF4B-00C04F79EFBC}") = "LibZ.Codec.LZ4", "LibZ.Codec.LZ4\LibZ.Codec.LZ4.csproj", "{A9605A14-6DBE-413E-BFD1-5E104BA2E7EE}"
	ProjectSection(ProjectDependencies) = postProject
		{9F01B7BC-CCC0-47A2-9C30-FCF4EF61F0FA} = {9F01B7BC-CCC0-47A2-9C30-FCF4EF61F0FA}
	EndProjectSection
EndProject
Project("{FAE04EC0-301F-11D3-BF4B-00C04F79EFBC}") = "LibZ.Tool.InjectIL", "LibZ.Tool.InjectIL\LibZ.Tool.InjectIL.csproj", "{A391D2AA-228B-4DF4-9C0E-05B386B323E3}"
	ProjectSection(ProjectDependencies) = postProject
		{66762F06-D368-4A1D-91AD-D5B0300CB879} = {66762F06-D368-4A1D-91AD-D5B0300CB879}
		{3588BF3E-909B-44BB-8906-591D4CF2C21F} = {3588BF3E-909B-44BB-8906-591D4CF2C21F}
		{04643AB0-DB34-429E-93A2-6D2BFE1C7EFD} = {04643AB0-DB34-429E-93A2-6D2BFE1C7EFD}
		{DC6CFABD-2B97-481B-8334-4DECDAF289EA} = {DC6CFABD-2B97-481B-8334-4DECDAF289EA}
	EndProjectSection
EndProject
Project("{FAE04EC0-301F-11D3-BF4B-00C04F79EFBC}") = "LibZ.Codec.Doboz", "LibZ.Codec.Doboz\LibZ.Codec.Doboz.csproj", "{48C3B10C-6370-4575-8D34-6BD43BA2772D}"
EndProject
Project("{2150E333-8FDC-42A3-9474-1A3956D46DE8}") = ".nuget", ".nuget", "{F6FF5D6F-D549-470D-9730-B64DD5A4C81F}"
	ProjectSection(SolutionItems) = preProject
		.nuget\NuGet.Config = .nuget\NuGet.Config
		.nuget\NuGet.exe = .nuget\NuGet.exe
		.nuget\NuGet.targets = .nuget\NuGet.targets
	EndProjectSection
EndProject
Project("{FAE04EC0-301F-11D3-BF4B-00C04F79EFBC}") = "LibZ.Injected.35", "LibZ.Injected.35\LibZ.Injected.35.csproj", "{3588BF3E-909B-44BB-8906-591D4CF2C21F}"
EndProject
Project("{FAE04EC0-301F-11D3-BF4B-00C04F79EFBC}") = "LibZ.Injected.40", "LibZ.Injected.40\LibZ.Injected.40.csproj", "{DC6CFABD-2B97-481B-8334-4DECDAF289EA}"
EndProject
Project("{FAE04EC0-301F-11D3-BF4B-00C04F79EFBC}") = "LibZ.Bootstrap.35", "LibZ.Bootstrap.35\LibZ.Bootstrap.35.csproj", "{04643AB0-DB34-429E-93A2-6D2BFE1C7EFD}"
EndProject
Project("{2150E333-8FDC-42A3-9474-1A3956D46DE8}") = ".NET35", ".NET35", "{92763536-F8DE-4095-9D07-5B7246F62DB2}"
EndProject
Project("{FAE04EC0-301F-11D3-BF4B-00C04F79EFBC}") = "LibZ.Msil", "LibZ.Msil\LibZ.Msil.csproj", "{68297D08-A36C-4C4D-8E41-2644FD7B3896}"
EndProject
Project("{2150E333-8FDC-42A3-9474-1A3956D46DE8}") = ".NET40", ".NET40", "{36F7AAFB-9EF7-4351-B5F5-0FC24E9534D4}"
EndProject
Global
	GlobalSection(SolutionConfigurationPlatforms) = preSolution
		Debug|Any CPU = Debug|Any CPU
		Release|Any CPU = Release|Any CPU
	EndGlobalSection
	GlobalSection(ProjectConfigurationPlatforms) = postSolution
		{66762F06-D368-4A1D-91AD-D5B0300CB879}.Debug|Any CPU.ActiveCfg = Debug|Any CPU
		{66762F06-D368-4A1D-91AD-D5B0300CB879}.Debug|Any CPU.Build.0 = Debug|Any CPU
		{66762F06-D368-4A1D-91AD-D5B0300CB879}.Release|Any CPU.ActiveCfg = Release|Any CPU
		{66762F06-D368-4A1D-91AD-D5B0300CB879}.Release|Any CPU.Build.0 = Release|Any CPU
		{9526E061-2E22-421B-86A6-198B51960918}.Debug|Any CPU.ActiveCfg = Debug|Any CPU
		{9526E061-2E22-421B-86A6-198B51960918}.Debug|Any CPU.Build.0 = Debug|Any CPU
		{9526E061-2E22-421B-86A6-198B51960918}.Release|Any CPU.ActiveCfg = Release|Any CPU
		{9526E061-2E22-421B-86A6-198B51960918}.Release|Any CPU.Build.0 = Release|Any CPU
		{75F00D3F-6247-48BD-99C7-915646DD8566}.Debug|Any CPU.ActiveCfg = Debug|Any CPU
		{75F00D3F-6247-48BD-99C7-915646DD8566}.Debug|Any CPU.Build.0 = Debug|Any CPU
		{75F00D3F-6247-48BD-99C7-915646DD8566}.Release|Any CPU.ActiveCfg = Release|Any CPU
		{75F00D3F-6247-48BD-99C7-915646DD8566}.Release|Any CPU.Build.0 = Release|Any CPU
		{9F01B7BC-CCC0-47A2-9C30-FCF4EF61F0FA}.Debug|Any CPU.ActiveCfg = Debug|Any CPU
		{9F01B7BC-CCC0-47A2-9C30-FCF4EF61F0FA}.Debug|Any CPU.Build.0 = Debug|Any CPU
		{9F01B7BC-CCC0-47A2-9C30-FCF4EF61F0FA}.Release|Any CPU.ActiveCfg = Release|Any CPU
		{9F01B7BC-CCC0-47A2-9C30-FCF4EF61F0FA}.Release|Any CPU.Build.0 = Release|Any CPU
		{46CEC914-26B0-4027-BA64-78154174274E}.Debug|Any CPU.ActiveCfg = Debug|Any CPU
		{46CEC914-26B0-4027-BA64-78154174274E}.Debug|Any CPU.Build.0 = Debug|Any CPU
		{46CEC914-26B0-4027-BA64-78154174274E}.Release|Any CPU.ActiveCfg = Release|Any CPU
		{46CEC914-26B0-4027-BA64-78154174274E}.Release|Any CPU.Build.0 = Release|Any CPU
		{A9605A14-6DBE-413E-BFD1-5E104BA2E7EE}.Debug|Any CPU.ActiveCfg = Debug|Any CPU
		{A9605A14-6DBE-413E-BFD1-5E104BA2E7EE}.Debug|Any CPU.Build.0 = Debug|Any CPU
		{A9605A14-6DBE-413E-BFD1-5E104BA2E7EE}.Release|Any CPU.ActiveCfg = Release|Any CPU
		{A9605A14-6DBE-413E-BFD1-5E104BA2E7EE}.Release|Any CPU.Build.0 = Release|Any CPU
		{A391D2AA-228B-4DF4-9C0E-05B386B323E3}.Debug|Any CPU.ActiveCfg = Debug|Any CPU
		{A391D2AA-228B-4DF4-9C0E-05B386B323E3}.Debug|Any CPU.Build.0 = Debug|Any CPU
		{A391D2AA-228B-4DF4-9C0E-05B386B323E3}.Release|Any CPU.ActiveCfg = Release|Any CPU
		{A391D2AA-228B-4DF4-9C0E-05B386B323E3}.Release|Any CPU.Build.0 = Release|Any CPU
		{48C3B10C-6370-4575-8D34-6BD43BA2772D}.Debug|Any CPU.ActiveCfg = Debug|Any CPU
		{48C3B10C-6370-4575-8D34-6BD43BA2772D}.Debug|Any CPU.Build.0 = Debug|Any CPU
		{48C3B10C-6370-4575-8D34-6BD43BA2772D}.Release|Any CPU.ActiveCfg = Release|Any CPU
		{48C3B10C-6370-4575-8D34-6BD43BA2772D}.Release|Any CPU.Build.0 = Release|Any CPU
		{3588BF3E-909B-44BB-8906-591D4CF2C21F}.Debug|Any CPU.ActiveCfg = Debug|Any CPU
		{3588BF3E-909B-44BB-8906-591D4CF2C21F}.Debug|Any CPU.Build.0 = Debug|Any CPU
		{3588BF3E-909B-44BB-8906-591D4CF2C21F}.Release|Any CPU.ActiveCfg = Release|Any CPU
		{3588BF3E-909B-44BB-8906-591D4CF2C21F}.Release|Any CPU.Build.0 = Release|Any CPU
		{DC6CFABD-2B97-481B-8334-4DECDAF289EA}.Debug|Any CPU.ActiveCfg = Debug|Any CPU
		{DC6CFABD-2B97-481B-8334-4DECDAF289EA}.Debug|Any CPU.Build.0 = Debug|Any CPU
		{DC6CFABD-2B97-481B-8334-4DECDAF289EA}.Release|Any CPU.ActiveCfg = Release|Any CPU
		{DC6CFABD-2B97-481B-8334-4DECDAF289EA}.Release|Any CPU.Build.0 = Release|Any CPU
		{04643AB0-DB34-429E-93A2-6D2BFE1C7EFD}.Debug|Any CPU.ActiveCfg = Debug|Any CPU
		{04643AB0-DB34-429E-93A2-6D2BFE1C7EFD}.Debug|Any CPU.Build.0 = Debug|Any CPU
		{04643AB0-DB34-429E-93A2-6D2BFE1C7EFD}.Release|Any CPU.ActiveCfg = Release|Any CPU
		{04643AB0-DB34-429E-93A2-6D2BFE1C7EFD}.Release|Any CPU.Build.0 = Release|Any CPU
		{68297D08-A36C-4C4D-8E41-2644FD7B3896}.Debug|Any CPU.ActiveCfg = Debug|Any CPU
		{68297D08-A36C-4C4D-8E41-2644FD7B3896}.Debug|Any CPU.Build.0 = Debug|Any CPU
		{68297D08-A36C-4C4D-8E41-2644FD7B3896}.Release|Any CPU.ActiveCfg = Release|Any CPU
		{68297D08-A36C-4C4D-8E41-2644FD7B3896}.Release|Any CPU.Build.0 = Release|Any CPU
	EndGlobalSection
	GlobalSection(SolutionProperties) = preSolution
		HideSolutionNode = FALSE
	EndGlobalSection
	GlobalSection(NestedProjects) = preSolution
		{DC6CFABD-2B97-481B-8334-4DECDAF289EA} = {36F7AAFB-9EF7-4351-B5F5-0FC24E9534D4}
		{66762F06-D368-4A1D-91AD-D5B0300CB879} = {36F7AAFB-9EF7-4351-B5F5-0FC24E9534D4}
		{04643AB0-DB34-429E-93A2-6D2BFE1C7EFD} = {92763536-F8DE-4095-9D07-5B7246F62DB2}
		{3588BF3E-909B-44BB-8906-591D4CF2C21F} = {92763536-F8DE-4095-9D07-5B7246F62DB2}
	EndGlobalSection
EndGlobal
