
Microsoft Visual Studio Solution File, Format Version 11.00
# Visual Studio 2010
Project("{2150E333-8FDC-42A3-9474-1A3956D46DE8}") = "Solution Items", "Solution Items", "{617E7125-F13A-43BF-89A5-62D89FE4C8F9}"
EndProject
Project("{FAE04EC0-301F-11D3-BF4B-00C04F79EFBC}") = "LibZ.Bootstrap", "LibZ.Bootstrap\LibZ.Bootstrap.csproj", "{66762F06-D368-4A1D-91AD-D5B0300CB879}"
EndProject
Project("{FAE04EC0-301F-11D3-BF4B-00C04F79EFBC}") = "LibZ.Manager", "LibZ.Manager\LibZ.Manager.csproj", "{9526E061-2E22-421B-86A6-198B51960918}"
EndProject
Project("{FAE04EC0-301F-11D3-BF4B-00C04F79EFBC}") = "LibZ.Tool", "LibZ.Tool\LibZ.Tool.csproj", "{75F00D3F-6247-48BD-99C7-915646DD8566}"
EndProject
Global
	GlobalSection(SolutionConfigurationPlatforms) = preSolution
		Debug|Any CPU = Debug|Any CPU
		Debug|Mixed Platforms = Debug|Mixed Platforms
		Debug|x86 = Debug|x86
		Release|Any CPU = Release|Any CPU
		Release|Mixed Platforms = Release|Mixed Platforms
		Release|x86 = Release|x86
	EndGlobalSection
	GlobalSection(ProjectConfigurationPlatforms) = postSolution
		{66762F06-D368-4A1D-91AD-D5B0300CB879}.Debug|Any CPU.ActiveCfg = Debug|Any CPU
		{66762F06-D368-4A1D-91AD-D5B0300CB879}.Debug|Any CPU.Build.0 = Debug|Any CPU
		{66762F06-D368-4A1D-91AD-D5B0300CB879}.Debug|Mixed Platforms.ActiveCfg = Debug|Any CPU
		{66762F06-D368-4A1D-91AD-D5B0300CB879}.Debug|Mixed Platforms.Build.0 = Debug|Any CPU
		{66762F06-D368-4A1D-91AD-D5B0300CB879}.Debug|x86.ActiveCfg = Debug|Any CPU
		{66762F06-D368-4A1D-91AD-D5B0300CB879}.Release|Any CPU.ActiveCfg = Release|Any CPU
		{66762F06-D368-4A1D-91AD-D5B0300CB879}.Release|Any CPU.Build.0 = Release|Any CPU
		{66762F06-D368-4A1D-91AD-D5B0300CB879}.Release|Mixed Platforms.ActiveCfg = Release|Any CPU
		{66762F06-D368-4A1D-91AD-D5B0300CB879}.Release|Mixed Platforms.Build.0 = Release|Any CPU
		{66762F06-D368-4A1D-91AD-D5B0300CB879}.Release|x86.ActiveCfg = Release|Any CPU
		{9526E061-2E22-421B-86A6-198B51960918}.Debug|Any CPU.ActiveCfg = Debug|Any CPU
		{9526E061-2E22-421B-86A6-198B51960918}.Debug|Any CPU.Build.0 = Debug|Any CPU
		{9526E061-2E22-421B-86A6-198B51960918}.Debug|Mixed Platforms.ActiveCfg = Debug|Any CPU
		{9526E061-2E22-421B-86A6-198B51960918}.Debug|Mixed Platforms.Build.0 = Debug|Any CPU
		{9526E061-2E22-421B-86A6-198B51960918}.Debug|x86.ActiveCfg = Debug|Any CPU
		{9526E061-2E22-421B-86A6-198B51960918}.Release|Any CPU.ActiveCfg = Release|Any CPU
		{9526E061-2E22-421B-86A6-198B51960918}.Release|Any CPU.Build.0 = Release|Any CPU
		{9526E061-2E22-421B-86A6-198B51960918}.Release|Mixed Platforms.ActiveCfg = Release|Any CPU
		{9526E061-2E22-421B-86A6-198B51960918}.Release|Mixed Platforms.Build.0 = Release|Any CPU
		{9526E061-2E22-421B-86A6-198B51960918}.Release|x86.ActiveCfg = Release|Any CPU
		{75F00D3F-6247-48BD-99C7-915646DD8566}.Debug|Any CPU.ActiveCfg = Debug|x86
		{75F00D3F-6247-48BD-99C7-915646DD8566}.Debug|Mixed Platforms.ActiveCfg = Debug|x86
		{75F00D3F-6247-48BD-99C7-915646DD8566}.Debug|Mixed Platforms.Build.0 = Debug|x86
		{75F00D3F-6247-48BD-99C7-915646DD8566}.Debug|x86.ActiveCfg = Debug|x86
		{75F00D3F-6247-48BD-99C7-915646DD8566}.Debug|x86.Build.0 = Debug|x86
		{75F00D3F-6247-48BD-99C7-915646DD8566}.Release|Any CPU.ActiveCfg = Release|x86
		{75F00D3F-6247-48BD-99C7-915646DD8566}.Release|Mixed Platforms.ActiveCfg = Release|x86
		{75F00D3F-6247-48BD-99C7-915646DD8566}.Release|Mixed Platforms.Build.0 = Release|x86
		{75F00D3F-6247-48BD-99C7-915646DD8566}.Release|x86.ActiveCfg = Release|x86
		{75F00D3F-6247-48BD-99C7-915646DD8566}.Release|x86.Build.0 = Release|x86
	EndGlobalSection
	GlobalSection(SolutionProperties) = preSolution
		HideSolutionNode = FALSE
	EndGlobalSection
EndGlobal
